// !$*UTF8*$!
{
	archiveVersion = 1;
	classes = {
	};
	objectVersion = 77;
	objects = {

/* Begin PBXBuildFile section */
		7156E2E12D74773300F0C5E7 /* ComposableArchitecture in Frameworks */ = {isa = PBXBuildFile; productRef = 7156E2E02D74773300F0C5E7 /* ComposableArchitecture */; };
		71EDD4792D38EC8700D94926 /* Lottie in Frameworks */ = {isa = PBXBuildFile; productRef = 71EDD4782D38EC8700D94926 /* Lottie */; };
		71F8F73F2D230EFE00B822F3 /* .swiftlint.yml in Resources */ = {isa = PBXBuildFile; fileRef = 71F8F73E2D230EF100B822F3 /* .swiftlint.yml */; };
		787B5B042D32D9C50017A378 /* Kingfisher in Frameworks */ = {isa = PBXBuildFile; productRef = 787B5B032D32D9C50017A378 /* Kingfisher */; };
		787B5B072D32DA0F0017A378 /* Moya in Frameworks */ = {isa = PBXBuildFile; productRef = 787B5B062D32DA0F0017A378 /* Moya */; };
		787B5B0A2D32DA500017A378 /* NMapsMap in Frameworks */ = {isa = PBXBuildFile; productRef = 787B5B092D32DA500017A378 /* NMapsMap */; };
		7893B4822DF6A03900B62E48 /* NetworkingMacros in Frameworks */ = {isa = PBXBuildFile; productRef = 7893B4812DF6A03900B62E48 /* NetworkingMacros */; };
		78AD4F082D4299110090E9E3 /* Launch Screen.storyboard in Resources */ = {isa = PBXBuildFile; fileRef = 78AD4F072D4299110090E9E3 /* Launch Screen.storyboard */; };
		78E985B42D564A9D00E02ABB /* FlexSheet in Frameworks */ = {isa = PBXBuildFile; productRef = 78E985B32D564A9D00E02ABB /* FlexSheet */; };
		AD7F64682E17C2D6002F3F61 /* Mixpanel in Frameworks */ = {isa = PBXBuildFile; productRef = AD7F64672E17C2D6002F3F61 /* Mixpanel */; };
		ADCF6DE12D9C03D1002F15E8 /* TCACoordinators in Frameworks */ = {isa = PBXBuildFile; productRef = ADCF6DE02D9C03D1002F15E8 /* TCACoordinators */; };
		CB6B894C2D8149F400DF264B /* KakaoSDK in Frameworks */ = {isa = PBXBuildFile; productRef = CB6B894B2D8149F400DF264B /* KakaoSDK */; };
		CB6B894E2D8149F400DF264B /* KakaoSDKAuth in Frameworks */ = {isa = PBXBuildFile; productRef = CB6B894D2D8149F400DF264B /* KakaoSDKAuth */; };
		CB6B89502D8149F400DF264B /* KakaoSDKCert in Frameworks */ = {isa = PBXBuildFile; productRef = CB6B894F2D8149F400DF264B /* KakaoSDKCert */; };
		CB6B89522D8149F400DF264B /* KakaoSDKCertCore in Frameworks */ = {isa = PBXBuildFile; productRef = CB6B89512D8149F400DF264B /* KakaoSDKCertCore */; };
		CB6B89542D8149F400DF264B /* KakaoSDKCommon in Frameworks */ = {isa = PBXBuildFile; productRef = CB6B89532D8149F400DF264B /* KakaoSDKCommon */; };
/* End PBXBuildFile section */

/* Begin PBXFileReference section */
		71F8F73E2D230EF100B822F3 /* .swiftlint.yml */ = {isa = PBXFileReference; lastKnownFileType = text.yaml; path = .swiftlint.yml; sourceTree = "<group>"; };
		71F8F8B72D27EE0700B822F3 /* Info.plist */ = {isa = PBXFileReference; lastKnownFileType = text.plist.xml; path = Info.plist; sourceTree = "<group>"; };
		78AD4F072D4299110090E9E3 /* Launch Screen.storyboard */ = {isa = PBXFileReference; lastKnownFileType = file.storyboard; path = "Launch Screen.storyboard"; sourceTree = "<group>"; };
		78C002082D1D9FC400DA101C /* Spoony.app */ = {isa = PBXFileReference; explicitFileType = wrapper.application; includeInIndex = 0; path = Spoony.app; sourceTree = BUILT_PRODUCTS_DIR; };
/* End PBXFileReference section */

/* Begin PBXFileSystemSynchronizedRootGroup section */
		78C0020A2D1D9FC400DA101C /* Spoony-iOS */ = {
			isa = PBXFileSystemSynchronizedRootGroup;
			path = "Spoony-iOS";
			sourceTree = "<group>";
		};
/* End PBXFileSystemSynchronizedRootGroup section */

/* Begin PBXFrameworksBuildPhase section */
		78C002052D1D9FC400DA101C /* Frameworks */ = {
			isa = PBXFrameworksBuildPhase;
			buildActionMask = 2147483647;
			files = (
				CB6B89502D8149F400DF264B /* KakaoSDKCert in Frameworks */,
				CB6B89542D8149F400DF264B /* KakaoSDKCommon in Frameworks */,
				AD7F64682E17C2D6002F3F61 /* Mixpanel in Frameworks */,
				787B5B072D32DA0F0017A378 /* Moya in Frameworks */,
				CB6B89522D8149F400DF264B /* KakaoSDKCertCore in Frameworks */,
				787B5B0A2D32DA500017A378 /* NMapsMap in Frameworks */,
				7156E2E12D74773300F0C5E7 /* ComposableArchitecture in Frameworks */,
				78E985B42D564A9D00E02ABB /* FlexSheet in Frameworks */,
				787B5B042D32D9C50017A378 /* Kingfisher in Frameworks */,
				7893B4822DF6A03900B62E48 /* NetworkingMacros in Frameworks */,
				71EDD4792D38EC8700D94926 /* Lottie in Frameworks */,
				CB6B894C2D8149F400DF264B /* KakaoSDK in Frameworks */,
				ADCF6DE12D9C03D1002F15E8 /* TCACoordinators in Frameworks */,
				CB6B894E2D8149F400DF264B /* KakaoSDKAuth in Frameworks */,
			);
			runOnlyForDeploymentPostprocessing = 0;
		};
/* End PBXFrameworksBuildPhase section */

/* Begin PBXGroup section */
		7893B4802DF6A03900B62E48 /* Frameworks */ = {
			isa = PBXGroup;
			children = (
			);
			name = Frameworks;
			sourceTree = "<group>";
		};
		78C001FF2D1D9FC300DA101C = {
			isa = PBXGroup;
			children = (
				78AD4F072D4299110090E9E3 /* Launch Screen.storyboard */,
				71F8F73E2D230EF100B822F3 /* .swiftlint.yml */,
				78C0020A2D1D9FC400DA101C /* Spoony-iOS */,
				71F8F8B72D27EE0700B822F3 /* Info.plist */,
				7893B4802DF6A03900B62E48 /* Frameworks */,
				78C002092D1D9FC400DA101C /* Products */,
			);
			sourceTree = "<group>";
		};
		78C002092D1D9FC400DA101C /* Products */ = {
			isa = PBXGroup;
			children = (
				78C002082D1D9FC400DA101C /* Spoony.app */,
			);
			name = Products;
			sourceTree = "<group>";
		};
/* End PBXGroup section */

/* Begin PBXNativeTarget section */
		78C002072D1D9FC400DA101C /* Spoony */ = {
			isa = PBXNativeTarget;
			buildConfigurationList = 78C002162D1D9FC500DA101C /* Build configuration list for PBXNativeTarget "Spoony" */;
			buildPhases = (
				78C002042D1D9FC400DA101C /* Sources */,
				78C002052D1D9FC400DA101C /* Frameworks */,
				78C002062D1D9FC400DA101C /* Resources */,
				71F8F7662D230F8600B822F3 /* ShellScript */,
			);
			buildRules = (
			);
			dependencies = (
			);
			fileSystemSynchronizedGroups = (
				78C0020A2D1D9FC400DA101C /* Spoony-iOS */,
			);
			name = Spoony;
			packageProductDependencies = (
				787B5B032D32D9C50017A378 /* Kingfisher */,
				787B5B062D32DA0F0017A378 /* Moya */,
				787B5B092D32DA500017A378 /* NMapsMap */,
				71EDD4782D38EC8700D94926 /* Lottie */,
				78E985B32D564A9D00E02ABB /* FlexSheet */,
				7156E2E02D74773300F0C5E7 /* ComposableArchitecture */,
				CB6B894B2D8149F400DF264B /* KakaoSDK */,
				CB6B894D2D8149F400DF264B /* KakaoSDKAuth */,
				CB6B894F2D8149F400DF264B /* KakaoSDKCert */,
				CB6B89512D8149F400DF264B /* KakaoSDKCertCore */,
				CB6B89532D8149F400DF264B /* KakaoSDKCommon */,
				ADCF6DE02D9C03D1002F15E8 /* TCACoordinators */,
				7893B4812DF6A03900B62E48 /* NetworkingMacros */,
				AD7F64672E17C2D6002F3F61 /* Mixpanel */,
			);
			productName = SpoonMe;
			productReference = 78C002082D1D9FC400DA101C /* Spoony.app */;
			productType = "com.apple.product-type.application";
		};
/* End PBXNativeTarget section */

/* Begin PBXProject section */
		78C002002D1D9FC300DA101C /* Project object */ = {
			isa = PBXProject;
			attributes = {
				BuildIndependentTargetsInParallel = 1;
				LastSwiftUpdateCheck = 1610;
				LastUpgradeCheck = 1610;
				TargetAttributes = {
					78C002072D1D9FC400DA101C = {
						CreatedOnToolsVersion = 16.1;
					};
				};
			};
			buildConfigurationList = 78C002032D1D9FC300DA101C /* Build configuration list for PBXProject "Spoony" */;
			developmentRegion = en;
			hasScannedForEncodings = 0;
			knownRegions = (
				en,
				Base,
			);
			mainGroup = 78C001FF2D1D9FC300DA101C;
			minimizedProjectReferenceProxies = 1;
			packageReferences = (
				787B5B022D32D9C50017A378 /* XCRemoteSwiftPackageReference "Kingfisher" */,
				787B5B052D32DA0F0017A378 /* XCRemoteSwiftPackageReference "Moya" */,
				787B5B082D32DA500017A378 /* XCRemoteSwiftPackageReference "SPM-NMapsMap" */,
				71EDD4772D38EC8700D94926 /* XCRemoteSwiftPackageReference "lottie-spm" */,
				78E985B22D564A9D00E02ABB /* XCRemoteSwiftPackageReference "FlexSheet" */,
				7156E2DF2D74773300F0C5E7 /* XCRemoteSwiftPackageReference "swift-composable-architecture" */,
				CB6B894A2D8149F400DF264B /* XCRemoteSwiftPackageReference "kakao-ios-sdk" */,
				ADCF6DDF2D9C03D1002F15E8 /* XCRemoteSwiftPackageReference "TCACoordinators" */,
				AD7F64662E17C2D6002F3F61 /* XCRemoteSwiftPackageReference "mixpanel-swift" */,
			);
			preferredProjectObjectVersion = 77;
			productRefGroup = 78C002092D1D9FC400DA101C /* Products */;
			projectDirPath = "";
			projectRoot = "";
			targets = (
				78C002072D1D9FC400DA101C /* Spoony */,
			);
		};
/* End PBXProject section */

/* Begin PBXResourcesBuildPhase section */
		78C002062D1D9FC400DA101C /* Resources */ = {
			isa = PBXResourcesBuildPhase;
			buildActionMask = 2147483647;
			files = (
				78AD4F082D4299110090E9E3 /* Launch Screen.storyboard in Resources */,
				71F8F73F2D230EFE00B822F3 /* .swiftlint.yml in Resources */,
			);
			runOnlyForDeploymentPostprocessing = 0;
		};
/* End PBXResourcesBuildPhase section */

/* Begin PBXShellScriptBuildPhase section */
		71F8F7662D230F8600B822F3 /* ShellScript */ = {
			isa = PBXShellScriptBuildPhase;
			alwaysOutOfDate = 1;
			buildActionMask = 2147483647;
			files = (
			);
			inputFileListPaths = (
			);
			inputPaths = (
			);
			outputFileListPaths = (
			);
			outputPaths = (
			);
			runOnlyForDeploymentPostprocessing = 0;
			shellPath = /bin/sh;
			shellScript = "# Type a script or drag a script file from your workspace to insert its path.\nif [[ \"$(uname -m)\" == arm64 ]]; then\n    export PATH=\"/opt/homebrew/bin:$PATH\"\nfi\n \nif which swiftlint > /dev/null; then\n  swiftlint\nelse\n  echo \"warning: SwiftLint not installed, download from https://github.com/realm/SwiftLint\"\nfi\n";
		};
/* End PBXShellScriptBuildPhase section */

/* Begin PBXSourcesBuildPhase section */
		78C002042D1D9FC400DA101C /* Sources */ = {
			isa = PBXSourcesBuildPhase;
			buildActionMask = 2147483647;
			files = (
			);
			runOnlyForDeploymentPostprocessing = 0;
		};
/* End PBXSourcesBuildPhase section */

/* Begin XCBuildConfiguration section */
		78C002142D1D9FC500DA101C /* Debug */ = {
			isa = XCBuildConfiguration;
			baseConfigurationReferenceAnchor = 78C0020A2D1D9FC400DA101C /* Spoony-iOS */;
			baseConfigurationReferenceRelativePath = Config/Config.xcconfig;
			buildSettings = {
				ALWAYS_SEARCH_USER_PATHS = NO;
				ASSETCATALOG_COMPILER_GENERATE_SWIFT_ASSET_SYMBOL_EXTENSIONS = YES;
				CLANG_ANALYZER_NONNULL = YES;
				CLANG_ANALYZER_NUMBER_OBJECT_CONVERSION = YES_AGGRESSIVE;
				CLANG_CXX_LANGUAGE_STANDARD = "gnu++20";
				CLANG_ENABLE_MODULES = YES;
				CLANG_ENABLE_OBJC_ARC = YES;
				CLANG_ENABLE_OBJC_WEAK = YES;
				CLANG_WARN_BLOCK_CAPTURE_AUTORELEASING = YES;
				CLANG_WARN_BOOL_CONVERSION = YES;
				CLANG_WARN_COMMA = YES;
				CLANG_WARN_CONSTANT_CONVERSION = YES;
				CLANG_WARN_DEPRECATED_OBJC_IMPLEMENTATIONS = YES;
				CLANG_WARN_DIRECT_OBJC_ISA_USAGE = YES_ERROR;
				CLANG_WARN_DOCUMENTATION_COMMENTS = YES;
				CLANG_WARN_EMPTY_BODY = YES;
				CLANG_WARN_ENUM_CONVERSION = YES;
				CLANG_WARN_INFINITE_RECURSION = YES;
				CLANG_WARN_INT_CONVERSION = YES;
				CLANG_WARN_NON_LITERAL_NULL_CONVERSION = YES;
				CLANG_WARN_OBJC_IMPLICIT_RETAIN_SELF = YES;
				CLANG_WARN_OBJC_LITERAL_CONVERSION = YES;
				CLANG_WARN_OBJC_ROOT_CLASS = YES_ERROR;
				CLANG_WARN_QUOTED_INCLUDE_IN_FRAMEWORK_HEADER = YES;
				CLANG_WARN_RANGE_LOOP_ANALYSIS = YES;
				CLANG_WARN_STRICT_PROTOTYPES = YES;
				CLANG_WARN_SUSPICIOUS_MOVE = YES;
				CLANG_WARN_UNGUARDED_AVAILABILITY = YES_AGGRESSIVE;
				CLANG_WARN_UNREACHABLE_CODE = YES;
				CLANG_WARN__DUPLICATE_METHOD_MATCH = YES;
				COPY_PHASE_STRIP = NO;
				DEBUG_INFORMATION_FORMAT = dwarf;
				ENABLE_STRICT_OBJC_MSGSEND = YES;
				ENABLE_TESTABILITY = YES;
				ENABLE_USER_SCRIPT_SANDBOXING = YES;
				GCC_C_LANGUAGE_STANDARD = gnu17;
				GCC_DYNAMIC_NO_PIC = NO;
				GCC_NO_COMMON_BLOCKS = YES;
				GCC_OPTIMIZATION_LEVEL = 0;
				GCC_PREPROCESSOR_DEFINITIONS = (
					"DEBUG=1",
					"$(inherited)",
				);
				GCC_WARN_64_TO_32_BIT_CONVERSION = YES;
				GCC_WARN_ABOUT_RETURN_TYPE = YES_ERROR;
				GCC_WARN_UNDECLARED_SELECTOR = YES;
				GCC_WARN_UNINITIALIZED_AUTOS = YES_AGGRESSIVE;
				GCC_WARN_UNUSED_FUNCTION = YES;
				GCC_WARN_UNUSED_VARIABLE = YES;
				IPHONEOS_DEPLOYMENT_TARGET = 18.1;
				LOCALIZATION_PREFERS_STRING_CATALOGS = YES;
				MTL_ENABLE_DEBUG_INFO = INCLUDE_SOURCE;
				MTL_FAST_MATH = YES;
				ONLY_ACTIVE_ARCH = YES;
				SDKROOT = iphoneos;
				SWIFT_ACTIVE_COMPILATION_CONDITIONS = "DEBUG $(inherited)";
				SWIFT_OPTIMIZATION_LEVEL = "-Onone";
			};
			name = Debug;
		};
		78C002152D1D9FC500DA101C /* Release */ = {
			isa = XCBuildConfiguration;
			baseConfigurationReferenceAnchor = 78C0020A2D1D9FC400DA101C /* Spoony-iOS */;
			baseConfigurationReferenceRelativePath = Config/Config.xcconfig;
			buildSettings = {
				ALWAYS_SEARCH_USER_PATHS = NO;
				ASSETCATALOG_COMPILER_GENERATE_SWIFT_ASSET_SYMBOL_EXTENSIONS = YES;
				CLANG_ANALYZER_NONNULL = YES;
				CLANG_ANALYZER_NUMBER_OBJECT_CONVERSION = YES_AGGRESSIVE;
				CLANG_CXX_LANGUAGE_STANDARD = "gnu++20";
				CLANG_ENABLE_MODULES = YES;
				CLANG_ENABLE_OBJC_ARC = YES;
				CLANG_ENABLE_OBJC_WEAK = YES;
				CLANG_WARN_BLOCK_CAPTURE_AUTORELEASING = YES;
				CLANG_WARN_BOOL_CONVERSION = YES;
				CLANG_WARN_COMMA = YES;
				CLANG_WARN_CONSTANT_CONVERSION = YES;
				CLANG_WARN_DEPRECATED_OBJC_IMPLEMENTATIONS = YES;
				CLANG_WARN_DIRECT_OBJC_ISA_USAGE = YES_ERROR;
				CLANG_WARN_DOCUMENTATION_COMMENTS = YES;
				CLANG_WARN_EMPTY_BODY = YES;
				CLANG_WARN_ENUM_CONVERSION = YES;
				CLANG_WARN_INFINITE_RECURSION = YES;
				CLANG_WARN_INT_CONVERSION = YES;
				CLANG_WARN_NON_LITERAL_NULL_CONVERSION = YES;
				CLANG_WARN_OBJC_IMPLICIT_RETAIN_SELF = YES;
				CLANG_WARN_OBJC_LITERAL_CONVERSION = YES;
				CLANG_WARN_OBJC_ROOT_CLASS = YES_ERROR;
				CLANG_WARN_QUOTED_INCLUDE_IN_FRAMEWORK_HEADER = YES;
				CLANG_WARN_RANGE_LOOP_ANALYSIS = YES;
				CLANG_WARN_STRICT_PROTOTYPES = YES;
				CLANG_WARN_SUSPICIOUS_MOVE = YES;
				CLANG_WARN_UNGUARDED_AVAILABILITY = YES_AGGRESSIVE;
				CLANG_WARN_UNREACHABLE_CODE = YES;
				CLANG_WARN__DUPLICATE_METHOD_MATCH = YES;
				COPY_PHASE_STRIP = NO;
				DEBUG_INFORMATION_FORMAT = "dwarf-with-dsym";
				ENABLE_NS_ASSERTIONS = NO;
				ENABLE_STRICT_OBJC_MSGSEND = YES;
				ENABLE_USER_SCRIPT_SANDBOXING = YES;
				GCC_C_LANGUAGE_STANDARD = gnu17;
				GCC_NO_COMMON_BLOCKS = YES;
				GCC_WARN_64_TO_32_BIT_CONVERSION = YES;
				GCC_WARN_ABOUT_RETURN_TYPE = YES_ERROR;
				GCC_WARN_UNDECLARED_SELECTOR = YES;
				GCC_WARN_UNINITIALIZED_AUTOS = YES_AGGRESSIVE;
				GCC_WARN_UNUSED_FUNCTION = YES;
				GCC_WARN_UNUSED_VARIABLE = YES;
				IPHONEOS_DEPLOYMENT_TARGET = 18.1;
				LOCALIZATION_PREFERS_STRING_CATALOGS = YES;
				MTL_ENABLE_DEBUG_INFO = NO;
				MTL_FAST_MATH = YES;
				SDKROOT = iphoneos;
				SWIFT_COMPILATION_MODE = wholemodule;
				VALIDATE_PRODUCT = YES;
			};
			name = Release;
		};
		78C002172D1D9FC500DA101C /* Debug */ = {
			isa = XCBuildConfiguration;
			baseConfigurationReferenceAnchor = 78C0020A2D1D9FC400DA101C /* Spoony-iOS */;
			baseConfigurationReferenceRelativePath = Config/Config.xcconfig;
			buildSettings = {
				ASSETCATALOG_COMPILER_APPICON_NAME = AppIcon;
				ASSETCATALOG_COMPILER_GLOBAL_ACCENT_COLOR_NAME = AccentColor;
				ASSETCATALOG_COMPILER_INCLUDE_ALL_APPICON_ASSETS = NO;
				CODE_SIGN_ENTITLEMENTS = "Spoony-iOS/Spoony-iOS.entitlements";
				CODE_SIGN_IDENTITY = "Apple Development";
				"CODE_SIGN_IDENTITY[sdk=iphoneos*]" = "iPhone Developer";
				CODE_SIGN_STYLE = Manual;
				CURRENT_PROJECT_VERSION = 20;
				DEVELOPMENT_ASSET_PATHS = "\"Spoony-iOS/Preview Content\"";
				DEVELOPMENT_TEAM = "";
				"DEVELOPMENT_TEAM[sdk=iphoneos*]" = D2DRA3F792;
				ENABLE_PREVIEWS = YES;
				ENABLE_USER_SCRIPT_SANDBOXING = NO;
				GENERATE_INFOPLIST_FILE = YES;
				INFOPLIST_FILE = Info.plist;
				INFOPLIST_KEY_CFBundleDisplayName = Spoony;
				INFOPLIST_KEY_NSLocationWhenInUseUsageDescription = "주변 맛집 정보를 불러오기 위해 위치 정보를 사용하도록 허용합니다.";
				INFOPLIST_KEY_UIApplicationSupportsIndirectInputEvents = YES;
				INFOPLIST_KEY_UILaunchStoryboardName = "Launch Screen.storyboard";
				INFOPLIST_KEY_UISupportedInterfaceOrientations = UIInterfaceOrientationPortrait;
				INFOPLIST_KEY_UIUserInterfaceStyle = Light;
				IPHONEOS_DEPLOYMENT_TARGET = 17.0;
				LD_RUNPATH_SEARCH_PATHS = (
					"$(inherited)",
					"@executable_path/Frameworks",
				);
				MARKETING_VERSION = 1.0;
				PRODUCT_BUNDLE_IDENTIFIER = com.spoony;
				PRODUCT_NAME = "$(TARGET_NAME)";
				PROVISIONING_PROFILE_SPECIFIER = "";
				"PROVISIONING_PROFILE_SPECIFIER[sdk=iphoneos*]" = 0312spoonyDebug;
				SUPPORTED_PLATFORMS = "iphoneos iphonesimulator";
				SUPPORTS_MACCATALYST = NO;
				SUPPORTS_MAC_DESIGNED_FOR_IPHONE_IPAD = NO;
				SUPPORTS_XR_DESIGNED_FOR_IPHONE_IPAD = NO;
				SWIFT_EMIT_LOC_STRINGS = YES;
				SWIFT_VERSION = 5.0;
				TARGETED_DEVICE_FAMILY = 1;
			};
			name = Debug;
		};
		78C002182D1D9FC500DA101C /* Release */ = {
			isa = XCBuildConfiguration;
			baseConfigurationReferenceAnchor = 78C0020A2D1D9FC400DA101C /* Spoony-iOS */;
			baseConfigurationReferenceRelativePath = Config/Config.xcconfig;
			buildSettings = {
				ASSETCATALOG_COMPILER_APPICON_NAME = AppIcon;
				ASSETCATALOG_COMPILER_GLOBAL_ACCENT_COLOR_NAME = AccentColor;
				ASSETCATALOG_COMPILER_INCLUDE_ALL_APPICON_ASSETS = NO;
				CODE_SIGN_ENTITLEMENTS = "Spoony-iOS/Spoony-iOSRelease.entitlements";
				CODE_SIGN_IDENTITY = "Apple Development";
				"CODE_SIGN_IDENTITY[sdk=iphoneos*]" = "iPhone Distribution";
				CODE_SIGN_STYLE = Manual;
				CURRENT_PROJECT_VERSION = 20;
				DEVELOPMENT_ASSET_PATHS = "\"Spoony-iOS/Preview Content\"";
				DEVELOPMENT_TEAM = "";
				"DEVELOPMENT_TEAM[sdk=iphoneos*]" = D2DRA3F792;
				ENABLE_PREVIEWS = YES;
				ENABLE_USER_SCRIPT_SANDBOXING = NO;
				GENERATE_INFOPLIST_FILE = YES;
				INFOPLIST_FILE = Info.plist;
				INFOPLIST_KEY_CFBundleDisplayName = Spoony;
				INFOPLIST_KEY_NSLocationWhenInUseUsageDescription = "주변 맛집 정보를 불러오기 위해 위치 정보를 사용하도록 허용합니다.";
				INFOPLIST_KEY_UIApplicationSupportsIndirectInputEvents = YES;
				INFOPLIST_KEY_UILaunchStoryboardName = "Launch Screen.storyboard";
				INFOPLIST_KEY_UISupportedInterfaceOrientations = UIInterfaceOrientationPortrait;
				INFOPLIST_KEY_UIUserInterfaceStyle = Light;
				IPHONEOS_DEPLOYMENT_TARGET = 17.0;
				LD_RUNPATH_SEARCH_PATHS = (
					"$(inherited)",
					"@executable_path/Frameworks",
				);
				MARKETING_VERSION = 1.0;
				PRODUCT_BUNDLE_IDENTIFIER = com.spoony;
				PRODUCT_NAME = "$(TARGET_NAME)";
				PROVISIONING_PROFILE_SPECIFIER = "";
				"PROVISIONING_PROFILE_SPECIFIER[sdk=iphoneos*]" = 0312spoonyRelease;
				SUPPORTED_PLATFORMS = "iphoneos iphonesimulator";
				SUPPORTS_MACCATALYST = NO;
				SUPPORTS_MAC_DESIGNED_FOR_IPHONE_IPAD = NO;
				SUPPORTS_XR_DESIGNED_FOR_IPHONE_IPAD = NO;
				SWIFT_EMIT_LOC_STRINGS = YES;
				SWIFT_VERSION = 5.0;
				TARGETED_DEVICE_FAMILY = 1;
			};
			name = Release;
		};
/* End XCBuildConfiguration section */

/* Begin XCConfigurationList section */
		78C002032D1D9FC300DA101C /* Build configuration list for PBXProject "Spoony" */ = {
			isa = XCConfigurationList;
			buildConfigurations = (
				78C002142D1D9FC500DA101C /* Debug */,
				78C002152D1D9FC500DA101C /* Release */,
			);
			defaultConfigurationIsVisible = 0;
			defaultConfigurationName = Release;
		};
		78C002162D1D9FC500DA101C /* Build configuration list for PBXNativeTarget "Spoony" */ = {
			isa = XCConfigurationList;
			buildConfigurations = (
				78C002172D1D9FC500DA101C /* Debug */,
				78C002182D1D9FC500DA101C /* Release */,
			);
			defaultConfigurationIsVisible = 0;
			defaultConfigurationName = Release;
		};
/* End XCConfigurationList section */

/* Begin XCRemoteSwiftPackageReference section */
		7156E2DF2D74773300F0C5E7 /* XCRemoteSwiftPackageReference "swift-composable-architecture" */ = {
			isa = XCRemoteSwiftPackageReference;
			repositoryURL = "https://github.com/pointfreeco/swift-composable-architecture";
			requirement = {
				kind = exactVersion;
				version = 1.18.0;
			};
		};
		71EDD4772D38EC8700D94926 /* XCRemoteSwiftPackageReference "lottie-spm" */ = {
			isa = XCRemoteSwiftPackageReference;
			repositoryURL = "https://github.com/airbnb/lottie-spm";
			requirement = {
				kind = upToNextMajorVersion;
				minimumVersion = 4.5.1;
			};
		};
		787B5B022D32D9C50017A378 /* XCRemoteSwiftPackageReference "Kingfisher" */ = {
			isa = XCRemoteSwiftPackageReference;
			repositoryURL = "https://github.com/onevcat/Kingfisher.git";
			requirement = {
				kind = upToNextMajorVersion;
				minimumVersion = 8.1.3;
			};
		};
		787B5B052D32DA0F0017A378 /* XCRemoteSwiftPackageReference "Moya" */ = {
			isa = XCRemoteSwiftPackageReference;
			repositoryURL = "https://github.com/Moya/Moya";
			requirement = {
				kind = upToNextMajorVersion;
				minimumVersion = 15.0.3;
			};
		};
		787B5B082D32DA500017A378 /* XCRemoteSwiftPackageReference "SPM-NMapsMap" */ = {
			isa = XCRemoteSwiftPackageReference;
			repositoryURL = "https://github.com/navermaps/SPM-NMapsMap";
			requirement = {
				kind = upToNextMajorVersion;
				minimumVersion = 3.20.0;
			};
		};
		78E985B22D564A9D00E02ABB /* XCRemoteSwiftPackageReference "FlexSheet" */ = {
			isa = XCRemoteSwiftPackageReference;
			repositoryURL = "https://github.com/hooni0918/FlexSheet.git";
			requirement = {
				kind = upToNextMajorVersion;
				minimumVersion = 1.0.4;
			};
		};
		AD7F64662E17C2D6002F3F61 /* XCRemoteSwiftPackageReference "mixpanel-swift" */ = {
			isa = XCRemoteSwiftPackageReference;
			repositoryURL = "https://github.com/mixpanel/mixpanel-swift";
			requirement = {
				kind = upToNextMajorVersion;
				minimumVersion = 2.8.0;
			};
		};
		ADCF6DDF2D9C03D1002F15E8 /* XCRemoteSwiftPackageReference "TCACoordinators" */ = {
			isa = XCRemoteSwiftPackageReference;
			repositoryURL = "https://github.com/johnpatrickmorgan/TCACoordinators.git";
			requirement = {
				kind = exactVersion;
				version = 0.11.0;
			};
		};
		CB6B894A2D8149F400DF264B /* XCRemoteSwiftPackageReference "kakao-ios-sdk" */ = {
			isa = XCRemoteSwiftPackageReference;
			repositoryURL = "https://github.com/kakao/kakao-ios-sdk";
			requirement = {
				kind = upToNextMajorVersion;
				minimumVersion = 2.24.0;
			};
		};
/* End XCRemoteSwiftPackageReference section */

/* Begin XCSwiftPackageProductDependency section */
		7156E2E02D74773300F0C5E7 /* ComposableArchitecture */ = {
			isa = XCSwiftPackageProductDependency;
			package = 7156E2DF2D74773300F0C5E7 /* XCRemoteSwiftPackageReference "swift-composable-architecture" */;
			productName = ComposableArchitecture;
		};
		71EDD4782D38EC8700D94926 /* Lottie */ = {
			isa = XCSwiftPackageProductDependency;
			package = 71EDD4772D38EC8700D94926 /* XCRemoteSwiftPackageReference "lottie-spm" */;
			productName = Lottie;
		};
		787B5B032D32D9C50017A378 /* Kingfisher */ = {
			isa = XCSwiftPackageProductDependency;
			package = 787B5B022D32D9C50017A378 /* XCRemoteSwiftPackageReference "Kingfisher" */;
			productName = Kingfisher;
		};
		787B5B062D32DA0F0017A378 /* Moya */ = {
			isa = XCSwiftPackageProductDependency;
			package = 787B5B052D32DA0F0017A378 /* XCRemoteSwiftPackageReference "Moya" */;
			productName = Moya;
		};
		787B5B092D32DA500017A378 /* NMapsMap */ = {
			isa = XCSwiftPackageProductDependency;
			package = 787B5B082D32DA500017A378 /* XCRemoteSwiftPackageReference "SPM-NMapsMap" */;
			productName = NMapsMap;
		};
		7893B4812DF6A03900B62E48 /* NetworkingMacros */ = {
			isa = XCSwiftPackageProductDependency;
			productName = NetworkingMacros;
		};
		78E985B32D564A9D00E02ABB /* FlexSheet */ = {
			isa = XCSwiftPackageProductDependency;
			package = 78E985B22D564A9D00E02ABB /* XCRemoteSwiftPackageReference "FlexSheet" */;
			productName = FlexSheet;
		};
		AD7F64672E17C2D6002F3F61 /* Mixpanel */ = {
			isa = XCSwiftPackageProductDependency;
			package = AD7F64662E17C2D6002F3F61 /* XCRemoteSwiftPackageReference "mixpanel-swift" */;
			productName = Mixpanel;
		};
		ADCF6DE02D9C03D1002F15E8 /* TCACoordinators */ = {
			isa = XCSwiftPackageProductDependency;
			package = ADCF6DDF2D9C03D1002F15E8 /* XCRemoteSwiftPackageReference "TCACoordinators" */;
			productName = TCACoordinators;
		};
		CB6B894B2D8149F400DF264B /* KakaoSDK */ = {
			isa = XCSwiftPackageProductDependency;
			package = CB6B894A2D8149F400DF264B /* XCRemoteSwiftPackageReference "kakao-ios-sdk" */;
			productName = KakaoSDK;
		};
		CB6B894D2D8149F400DF264B /* KakaoSDKAuth */ = {
			isa = XCSwiftPackageProductDependency;
			package = CB6B894A2D8149F400DF264B /* XCRemoteSwiftPackageReference "kakao-ios-sdk" */;
			productName = KakaoSDKAuth;
		};
		CB6B894F2D8149F400DF264B /* KakaoSDKCert */ = {
			isa = XCSwiftPackageProductDependency;
			package = CB6B894A2D8149F400DF264B /* XCRemoteSwiftPackageReference "kakao-ios-sdk" */;
			productName = KakaoSDKCert;
		};
		CB6B89512D8149F400DF264B /* KakaoSDKCertCore */ = {
			isa = XCSwiftPackageProductDependency;
			package = CB6B894A2D8149F400DF264B /* XCRemoteSwiftPackageReference "kakao-ios-sdk" */;
			productName = KakaoSDKCertCore;
		};
		CB6B89532D8149F400DF264B /* KakaoSDKCommon */ = {
			isa = XCSwiftPackageProductDependency;
			package = CB6B894A2D8149F400DF264B /* XCRemoteSwiftPackageReference "kakao-ios-sdk" */;
			productName = KakaoSDKCommon;
		};
/* End XCSwiftPackageProductDependency section */
	};
	rootObject = 78C002002D1D9FC300DA101C /* Project object */;
}
